{
  "name": "test-project",
  "version": "1.0.0",
  "lockfileVersion": 2,
  "requires": true,
  "packages": {
    "": {
      "name": "test-project",
      "version": "1.0.0",
      "dependencies": {
        "@tanstack/react-router": "^1.120.0"
      }
    },
    "node_modules/@tanstack/react-router": {
      "version": "1.120.5",
      "resolved": "https://registry.npmjs.org/@tanstack/react-router/-/react-router-1.120.5.tgz",
      "integrity": "sha512-PLACEHOLDER=="
    }
  }
}
